
Microsoft Visual Studio Solution File, Format Version 11.00
# Visual Studio 2010
Project("{FAE04EC0-301F-11D3-BF4B-00C04F79EFBC}") = "Assembly-CSharp", "Assembly-CSharp.csproj", "{D29D6095-225A-3F3D-E2B2-47362212263B}"
EndProject
Project("{FAE04EC0-301F-11D3-BF4B-00C04F79EFBC}") = "Assembly-CSharp-Editor", "Assembly-CSharp-Editor.csproj", "{81FDFE33-DC37-A45E-C109-48A533DD9473}"
EndProject
Global
	GlobalSection(SolutionConfigurationPlatforms) = preSolution
		Debug|Any CPU = Debug|Any CPU
		Release|Any CPU = Release|Any CPU
	EndGlobalSection
	GlobalSection(ProjectConfigurationPlatforms) = postSolution
		{D29D6095-225A-3F3D-E2B2-47362212263B}.Debug|Any CPU.ActiveCfg = Debug|Any CPU
		{D29D6095-225A-3F3D-E2B2-47362212263B}.Debug|Any CPU.Build.0 = Debug|Any CPU
		{D29D6095-225A-3F3D-E2B2-47362212263B}.Release|Any CPU.ActiveCfg = Release|Any CPU
		{D29D6095-225A-3F3D-E2B2-47362212263B}.Release|Any CPU.Build.0 = Release|Any CPU
		{81FDFE33-DC37-A45E-C109-48A533DD9473}.Debug|Any CPU.ActiveCfg = Debug|Any CPU
		{81FDFE33-DC37-A45E-C109-48A533DD9473}.Debug|Any CPU.Build.0 = Debug|Any CPU
		{81FDFE33-DC37-A45E-C109-48A533DD9473}.Release|Any CPU.ActiveCfg = Release|Any CPU
		{81FDFE33-DC37-A45E-C109-48A533DD9473}.Release|Any CPU.Build.0 = Release|Any CPU
	EndGlobalSection
	GlobalSection(SolutionProperties) = preSolution
		HideSolutionNode = FALSE
	EndGlobalSection
	GlobalSection(MonoDevelopProperties) = preSolution
		StartupItem = Assembly-CSharp.csproj
	EndGlobalSection
EndGlobal
